
Microsoft Visual Studio Solution File, Format Version 12.00
# Visual Studio Version 17
VisualStudioVersion = 17.1.32210.238
MinimumVisualStudioVersion = 10.0.40219.1
Project("{F184B08F-C81C-45F6-A57F-5ABD9991F28F}") = "TICTACTOE", "TICTACTOE\TICTACTOE.vbproj", "{54910496-6F02-4735-BEFB-C60C43D67616}"
EndProject
Global
	GlobalSection(SolutionConfigurationPlatforms) = preSolution
		Debug|Any CPU = Debug|Any CPU
		Release|Any CPU = Release|Any CPU
	EndGlobalSection
	GlobalSection(ProjectConfigurationPlatforms) = postSolution
		{54910496-6F02-4735-BEFB-C60C43D67616}.Debug|Any CPU.ActiveCfg = Debug|Any CPU
		{54910496-6F02-4735-BEFB-C60C43D67616}.Debug|Any CPU.Build.0 = Debug|Any CPU
		{54910496-6F02-4735-BEFB-C60C43D67616}.Release|Any CPU.ActiveCfg = Release|Any CPU
		{54910496-6F02-4735-BEFB-C60C43D67616}.Release|Any CPU.Build.0 = Release|Any CPU
	EndGlobalSection
	GlobalSection(SolutionProperties) = preSolution
		HideSolutionNode = FALSE
	EndGlobalSection
	GlobalSection(ExtensibilityGlobals) = postSolution
		SolutionGuid = {5994EFE1-6382-49BE-80CA-D255D1AC76D7}
	EndGlobalSection
EndGlobal
